
Microsoft Visual Studio Solution File, Format Version 12.00
# Visual Studio Version 16
VisualStudioVersion = 16.0.31911.196
MinimumVisualStudioVersion = 10.0.40219.1
Project("{9A19103F-16F7-4668-BE54-9A1E7A4F7556}") = "TestCore", "TestCore\TestCore.csproj", "{40EDA882-4A09-4C8B-A5C5-22D2480EBCE1}"
EndProject
Project("{9A19103F-16F7-4668-BE54-9A1E7A4F7556}") = "TestAPI", "TestAPI\TestAPI.csproj", "{04509DF9-B5AB-46EF-B508-83C4975F993D}"
	ProjectSection(ProjectDependencies) = postProject
		{40EDA882-4A09-4C8B-A5C5-22D2480EBCE1} = {40EDA882-4A09-4C8B-A5C5-22D2480EBCE1}
	EndProjectSection
EndProject
Global
	GlobalSection(SolutionConfigurationPlatforms) = preSolution
		Debug|Any CPU = Debug|Any CPU
		Release|Any CPU = Release|Any CPU
	EndGlobalSection
	GlobalSection(ProjectConfigurationPlatforms) = postSolution
		{40EDA882-4A09-4C8B-A5C5-22D2480EBCE1}.Debug|Any CPU.ActiveCfg = Debug|Any CPU
		{40EDA882-4A09-4C8B-A5C5-22D2480EBCE1}.Debug|Any CPU.Build.0 = Debug|Any CPU
		{40EDA882-4A09-4C8B-A5C5-22D2480EBCE1}.Release|Any CPU.ActiveCfg = Release|Any CPU
		{40EDA882-4A09-4C8B-A5C5-22D2480EBCE1}.Release|Any CPU.Build.0 = Release|Any CPU
		{04509DF9-B5AB-46EF-B508-83C4975F993D}.Debug|Any CPU.ActiveCfg = Debug|Any CPU
		{04509DF9-B5AB-46EF-B508-83C4975F993D}.Debug|Any CPU.Build.0 = Debug|Any CPU
		{04509DF9-B5AB-46EF-B508-83C4975F993D}.Release|Any CPU.ActiveCfg = Release|Any CPU
		{04509DF9-B5AB-46EF-B508-83C4975F993D}.Release|Any CPU.Build.0 = Release|Any CPU
	EndGlobalSection
	GlobalSection(SolutionProperties) = preSolution
		HideSolutionNode = FALSE
	EndGlobalSection
	GlobalSection(ExtensibilityGlobals) = postSolution
		SolutionGuid = {E46CD9AB-5802-4218-9509-ED5EDE74B877}
	EndGlobalSection
EndGlobal
